
Microsoft Visual Studio Solution File, Format Version 12.00
# Visual Studio Version 17
VisualStudioVersion = 17.0.32112.339
MinimumVisualStudioVersion = 10.0.40219.1
Project("{2150E333-8FDC-42A3-9474-1A3956D46DE8}") = "Domain", "Domain", "{4720C572-0B43-41B0-8659-45673409B4A8}"
EndProject
Project("{2150E333-8FDC-42A3-9474-1A3956D46DE8}") = "Infra.Bus", "Infra.Bus", "{E504339B-AD35-434A-9D5D-25EF9563394B}"
EndProject
Project("{2150E333-8FDC-42A3-9474-1A3956D46DE8}") = "Infra.IoC", "Infra.IoC", "{4BC22BDD-BD57-4557-8745-2C4B5CE950CB}"
EndProject
Project("{2150E333-8FDC-42A3-9474-1A3956D46DE8}") = "Micorservices", "Micorservices", "{F4E752EB-0399-4528-90A0-B69987A9B262}"
EndProject
Project("{FAE04EC0-301F-11D3-BF4B-00C04F79EFBC}") = "MicroRabbit.Domain.Core", "MicroRabbit.Domain.Core\MicroRabbit.Domain.Core.csproj", "{A887E51B-95BB-4B60-8AEA-18BE0F1BFB95}"
EndProject
Global
	GlobalSection(SolutionConfigurationPlatforms) = preSolution
		Debug|Any CPU = Debug|Any CPU
		Release|Any CPU = Release|Any CPU
	EndGlobalSection
	GlobalSection(ProjectConfigurationPlatforms) = postSolution
		{A887E51B-95BB-4B60-8AEA-18BE0F1BFB95}.Debug|Any CPU.ActiveCfg = Debug|Any CPU
		{A887E51B-95BB-4B60-8AEA-18BE0F1BFB95}.Debug|Any CPU.Build.0 = Debug|Any CPU
		{A887E51B-95BB-4B60-8AEA-18BE0F1BFB95}.Release|Any CPU.ActiveCfg = Release|Any CPU
		{A887E51B-95BB-4B60-8AEA-18BE0F1BFB95}.Release|Any CPU.Build.0 = Release|Any CPU
	EndGlobalSection
	GlobalSection(SolutionProperties) = preSolution
		HideSolutionNode = FALSE
	EndGlobalSection
	GlobalSection(NestedProjects) = preSolution
		{A887E51B-95BB-4B60-8AEA-18BE0F1BFB95} = {4720C572-0B43-41B0-8659-45673409B4A8}
	EndGlobalSection
	GlobalSection(ExtensibilityGlobals) = postSolution
		SolutionGuid = {BA483B7A-B2B5-4DBA-8494-BDD209A05605}
	EndGlobalSection
EndGlobal
